
Microsoft Visual Studio Solution File, Format Version 12.00
# Visual Studio 15
VisualStudioVersion = 15.0.28010.2003
MinimumVisualStudioVersion = 10.0.40219.1
Project("{FAE04EC0-301F-11D3-BF4B-00C04F79EFBC}") = "CS480_RayTraceSphere", "CS480_RayTraceSphere\CS480_RayTraceSphere.csproj", "{6734E58F-0FD6-468B-A11F-191CEBA0D637}"
EndProject
Global
	GlobalSection(SolutionConfigurationPlatforms) = preSolution
		Debug|Any CPU = Debug|Any CPU
		Release|Any CPU = Release|Any CPU
	EndGlobalSection
	GlobalSection(ProjectConfigurationPlatforms) = postSolution
		{6734E58F-0FD6-468B-A11F-191CEBA0D637}.Debug|Any CPU.ActiveCfg = Debug|Any CPU
		{6734E58F-0FD6-468B-A11F-191CEBA0D637}.Debug|Any CPU.Build.0 = Debug|Any CPU
		{6734E58F-0FD6-468B-A11F-191CEBA0D637}.Release|Any CPU.ActiveCfg = Release|Any CPU
		{6734E58F-0FD6-468B-A11F-191CEBA0D637}.Release|Any CPU.Build.0 = Release|Any CPU
	EndGlobalSection
	GlobalSection(SolutionProperties) = preSolution
		HideSolutionNode = FALSE
	EndGlobalSection
	GlobalSection(ExtensibilityGlobals) = postSolution
		SolutionGuid = {3EE08F1F-F550-4D8D-A09F-5D60097823DB}
	EndGlobalSection
EndGlobal
